<Solution>
  <Folder Name="/src/" />
  <Folder Name="/src/Common/">
    <Project Path="src/Common/Common.Api/Common.Api.csproj" />
    <Project Path="src/Common/Common.Application/Common.Application.csproj" />
    <Project Path="src/Common/Common.Domain/Common.Domain.csproj" />
    <Project Path="src/Common/Common.Infrastructure/Common.Infrastructure.csproj" />
  </Folder>
  <Folder Name="/src/Modules/" />
  <Folder Name="/src/Modules/Absences/">
    <Project Path="src/Modules/Absences/Absences.Api/Absences.Api.csproj" />
    <Project Path="src/Modules/Absences/Absences.Application/Absences.Application.csproj" />
    <Project Path="src/Modules/Absences/Absences.Domain/Absences.Domain.csproj" />
    <Project Path="src/Modules/Absences/Absences.Infrastructure/Absences.Infrastructure.csproj" />
  </Folder>
  <Folder Name="/src/Modules/Employees/">
    <Project Path="src/Modules/Employees/Employees.Api/Employees.Api.csproj" />
    <Project Path="src/Modules/Employees/Employees.Application/Employees.Application.csproj" />
    <Project Path="src/Modules/Employees/Employees.Contracts/Employees.Contracts.csproj" />
    <Project Path="src/Modules/Employees/Employees.Domain/Employees.Domain.csproj" />
    <Project Path="src/Modules/Employees/Employees.Infrastructure/Employees.Infrastructure.csproj" />
  </Folder>
  <Folder Name="/tests/" />
  <Folder Name="/tests/Modules/">
    <Project Path="tests/Modules/Absences.UnitTests/Absences.UnitTests.csproj" />
    <Project Path="tests/Modules/Employees.UnitTests/Employees.UnitTests.csproj" />
  </Folder>
</Solution>
